// !$*UTF8*$!
{
	archiveVersion = 1;
	classes = {
	};
	objectVersion = 55;
	objects = {

/* Begin PBXBuildFile section */
		73FB4DFB2941CCBA006896AB /* AppDelegate.swift in Sources */ = {isa = PBXBuildFile; fileRef = 73FB4DFA2941CCBA006896AB /* AppDelegate.swift */; };
		73FB4DFD2941CCBA006896AB /* SceneDelegate.swift in Sources */ = {isa = PBXBuildFile; fileRef = 73FB4DFC2941CCBA006896AB /* SceneDelegate.swift */; };
		73FB4E022941CCBA006896AB /* Main.storyboard in Resources */ = {isa = PBXBuildFile; fileRef = 73FB4E002941CCBA006896AB /* Main.storyboard */; };
		73FB4E042941CCBB006896AB /* Assets.xcassets in Resources */ = {isa = PBXBuildFile; fileRef = 73FB4E032941CCBB006896AB /* Assets.xcassets */; };
		73FB4E072941CCBB006896AB /* LaunchScreen.storyboard in Resources */ = {isa = PBXBuildFile; fileRef = 73FB4E052941CCBB006896AB /* LaunchScreen.storyboard */; };
		73FB4E122941CCBB006896AB /* NotiExampleTests.swift in Sources */ = {isa = PBXBuildFile; fileRef = 73FB4E112941CCBB006896AB /* NotiExampleTests.swift */; };
		73FB4E1C2941CCBB006896AB /* NotiExampleUITests.swift in Sources */ = {isa = PBXBuildFile; fileRef = 73FB4E1B2941CCBB006896AB /* NotiExampleUITests.swift */; };
		73FB4E1E2941CCBB006896AB /* NotiExampleUITestsLaunchTests.swift in Sources */ = {isa = PBXBuildFile; fileRef = 73FB4E1D2941CCBB006896AB /* NotiExampleUITestsLaunchTests.swift */; };
		73FB4E2B2941CFB4006896AB /* NotiExampleDependencyContainer.swift in Sources */ = {isa = PBXBuildFile; fileRef = 73FB4E2A2941CFB4006896AB /* NotiExampleDependencyContainer.swift */; };
		73FB4E2F2941D11B006896AB /* FirstViewController.swift in Sources */ = {isa = PBXBuildFile; fileRef = 73FB4E2D2941D11B006896AB /* FirstViewController.swift */; };
		73FB4E302941D11B006896AB /* FirstViewController.xib in Resources */ = {isa = PBXBuildFile; fileRef = 73FB4E2E2941D11B006896AB /* FirstViewController.xib */; };
		73FB4E332941D343006896AB /* SecondViewController.swift in Sources */ = {isa = PBXBuildFile; fileRef = 73FB4E312941D342006896AB /* SecondViewController.swift */; };
		73FB4E342941D343006896AB /* SecondViewController.xib in Resources */ = {isa = PBXBuildFile; fileRef = 73FB4E322941D342006896AB /* SecondViewController.xib */; };
		73FB4E362941D620006896AB /* FirstViewDependencyContainer.swift in Sources */ = {isa = PBXBuildFile; fileRef = 73FB4E352941D620006896AB /* FirstViewDependencyContainer.swift */; };
		73FB4E382941D879006896AB /* SecondViewDependencyContainer.swift in Sources */ = {isa = PBXBuildFile; fileRef = 73FB4E372941D879006896AB /* SecondViewDependencyContainer.swift */; };
		73FB4E3B2941D97D006896AB /* ViewControllerExtension.swift in Sources */ = {isa = PBXBuildFile; fileRef = 73FB4E3A2941D97D006896AB /* ViewControllerExtension.swift */; };
/* End PBXBuildFile section */

/* Begin PBXContainerItemProxy section */
		73FB4E0E2941CCBB006896AB /* PBXContainerItemProxy */ = {
			isa = PBXContainerItemProxy;
			containerPortal = 73FB4DEF2941CCBA006896AB /* Project object */;
			proxyType = 1;
			remoteGlobalIDString = 73FB4DF62941CCBA006896AB;
			remoteInfo = NotiExample;
		};
		73FB4E182941CCBB006896AB /* PBXContainerItemProxy */ = {
			isa = PBXContainerItemProxy;
			containerPortal = 73FB4DEF2941CCBA006896AB /* Project object */;
			proxyType = 1;
			remoteGlobalIDString = 73FB4DF62941CCBA006896AB;
			remoteInfo = NotiExample;
		};
/* End PBXContainerItemProxy section */

/* Begin PBXFileReference section */
		73FB4DF72941CCBA006896AB /* NotiExample.app */ = {isa = PBXFileReference; explicitFileType = wrapper.application; includeInIndex = 0; path = NotiExample.app; sourceTree = BUILT_PRODUCTS_DIR; };
		73FB4DFA2941CCBA006896AB /* AppDelegate.swift */ = {isa = PBXFileReference; lastKnownFileType = sourcecode.swift; path = AppDelegate.swift; sourceTree = "<group>"; };
		73FB4DFC2941CCBA006896AB /* SceneDelegate.swift */ = {isa = PBXFileReference; lastKnownFileType = sourcecode.swift; path = SceneDelegate.swift; sourceTree = "<group>"; };
		73FB4E012941CCBA006896AB /* Base */ = {isa = PBXFileReference; lastKnownFileType = file.storyboard; name = Base; path = Base.lproj/Main.storyboard; sourceTree = "<group>"; };
		73FB4E032941CCBB006896AB /* Assets.xcassets */ = {isa = PBXFileReference; lastKnownFileType = folder.assetcatalog; path = Assets.xcassets; sourceTree = "<group>"; };
		73FB4E062941CCBB006896AB /* Base */ = {isa = PBXFileReference; lastKnownFileType = file.storyboard; name = Base; path = Base.lproj/LaunchScreen.storyboard; sourceTree = "<group>"; };
		73FB4E082941CCBB006896AB /* Info.plist */ = {isa = PBXFileReference; lastKnownFileType = text.plist.xml; path = Info.plist; sourceTree = "<group>"; };
		73FB4E0D2941CCBB006896AB /* NotiExampleTests.xctest */ = {isa = PBXFileReference; explicitFileType = wrapper.cfbundle; includeInIndex = 0; path = NotiExampleTests.xctest; sourceTree = BUILT_PRODUCTS_DIR; };
		73FB4E112941CCBB006896AB /* NotiExampleTests.swift */ = {isa = PBXFileReference; lastKnownFileType = sourcecode.swift; path = NotiExampleTests.swift; sourceTree = "<group>"; };
		73FB4E172941CCBB006896AB /* NotiExampleUITests.xctest */ = {isa = PBXFileReference; explicitFileType = wrapper.cfbundle; includeInIndex = 0; path = NotiExampleUITests.xctest; sourceTree = BUILT_PRODUCTS_DIR; };
		73FB4E1B2941CCBB006896AB /* NotiExampleUITests.swift */ = {isa = PBXFileReference; lastKnownFileType = sourcecode.swift; path = NotiExampleUITests.swift; sourceTree = "<group>"; };
		73FB4E1D2941CCBB006896AB /* NotiExampleUITestsLaunchTests.swift */ = {isa = PBXFileReference; lastKnownFileType = sourcecode.swift; path = NotiExampleUITestsLaunchTests.swift; sourceTree = "<group>"; };
		73FB4E2A2941CFB4006896AB /* NotiExampleDependencyContainer.swift */ = {isa = PBXFileReference; lastKnownFileType = sourcecode.swift; path = NotiExampleDependencyContainer.swift; sourceTree = "<group>"; };
		73FB4E2D2941D11B006896AB /* FirstViewController.swift */ = {isa = PBXFileReference; lastKnownFileType = sourcecode.swift; path = FirstViewController.swift; sourceTree = "<group>"; };
		73FB4E2E2941D11B006896AB /* FirstViewController.xib */ = {isa = PBXFileReference; lastKnownFileType = file.xib; path = FirstViewController.xib; sourceTree = "<group>"; };
		73FB4E312941D342006896AB /* SecondViewController.swift */ = {isa = PBXFileReference; lastKnownFileType = sourcecode.swift; path = SecondViewController.swift; sourceTree = "<group>"; };
		73FB4E322941D342006896AB /* SecondViewController.xib */ = {isa = PBXFileReference; lastKnownFileType = file.xib; path = SecondViewController.xib; sourceTree = "<group>"; };
		73FB4E352941D620006896AB /* FirstViewDependencyContainer.swift */ = {isa = PBXFileReference; lastKnownFileType = sourcecode.swift; path = FirstViewDependencyContainer.swift; sourceTree = "<group>"; };
		73FB4E372941D879006896AB /* SecondViewDependencyContainer.swift */ = {isa = PBXFileReference; lastKnownFileType = sourcecode.swift; path = SecondViewDependencyContainer.swift; sourceTree = "<group>"; };
		73FB4E3A2941D97D006896AB /* ViewControllerExtension.swift */ = {isa = PBXFileReference; lastKnownFileType = sourcecode.swift; path = ViewControllerExtension.swift; sourceTree = "<group>"; };
/* End PBXFileReference section */

/* Begin PBXFrameworksBuildPhase section */
		73FB4DF42941CCBA006896AB /* Frameworks */ = {
			isa = PBXFrameworksBuildPhase;
			buildActionMask = 2147483647;
			files = (
			);
			runOnlyForDeploymentPostprocessing = 0;
		};
		73FB4E0A2941CCBB006896AB /* Frameworks */ = {
			isa = PBXFrameworksBuildPhase;
			buildActionMask = 2147483647;
			files = (
			);
			runOnlyForDeploymentPostprocessing = 0;
		};
		73FB4E142941CCBB006896AB /* Frameworks */ = {
			isa = PBXFrameworksBuildPhase;
			buildActionMask = 2147483647;
			files = (
			);
			runOnlyForDeploymentPostprocessing = 0;
		};
/* End PBXFrameworksBuildPhase section */

/* Begin PBXGroup section */
		73FB4DEE2941CCBA006896AB = {
			isa = PBXGroup;
			children = (
				73FB4DF92941CCBA006896AB /* NotiExample */,
				73FB4E102941CCBB006896AB /* NotiExampleTests */,
				73FB4E1A2941CCBB006896AB /* NotiExampleUITests */,
				73FB4DF82941CCBA006896AB /* Products */,
			);
			sourceTree = "<group>";
		};
		73FB4DF82941CCBA006896AB /* Products */ = {
			isa = PBXGroup;
			children = (
				73FB4DF72941CCBA006896AB /* NotiExample.app */,
				73FB4E0D2941CCBB006896AB /* NotiExampleTests.xctest */,
				73FB4E172941CCBB006896AB /* NotiExampleUITests.xctest */,
			);
			name = Products;
			sourceTree = "<group>";
		};
		73FB4DF92941CCBA006896AB /* NotiExample */ = {
			isa = PBXGroup;
			children = (
				73FB4E392941D96C006896AB /* Extension */,
				73FB4E2C2941D106006896AB /* ViewController */,
				73FB4DFA2941CCBA006896AB /* AppDelegate.swift */,
				73FB4DFC2941CCBA006896AB /* SceneDelegate.swift */,
				73FB4E002941CCBA006896AB /* Main.storyboard */,
				73FB4E032941CCBB006896AB /* Assets.xcassets */,
				73FB4E052941CCBB006896AB /* LaunchScreen.storyboard */,
				73FB4E082941CCBB006896AB /* Info.plist */,
				73FB4E2A2941CFB4006896AB /* NotiExampleDependencyContainer.swift */,
			);
			path = NotiExample;
			sourceTree = "<group>";
		};
		73FB4E102941CCBB006896AB /* NotiExampleTests */ = {
			isa = PBXGroup;
			children = (
				73FB4E112941CCBB006896AB /* NotiExampleTests.swift */,
			);
			path = NotiExampleTests;
			sourceTree = "<group>";
		};
		73FB4E1A2941CCBB006896AB /* NotiExampleUITests */ = {
			isa = PBXGroup;
			children = (
				73FB4E1B2941CCBB006896AB /* NotiExampleUITests.swift */,
				73FB4E1D2941CCBB006896AB /* NotiExampleUITestsLaunchTests.swift */,
			);
			path = NotiExampleUITests;
			sourceTree = "<group>";
		};
		73FB4E2C2941D106006896AB /* ViewController */ = {
			isa = PBXGroup;
			children = (
				73FB4E2D2941D11B006896AB /* FirstViewController.swift */,
				73FB4E2E2941D11B006896AB /* FirstViewController.xib */,
				73FB4E312941D342006896AB /* SecondViewController.swift */,
				73FB4E322941D342006896AB /* SecondViewController.xib */,
				73FB4E352941D620006896AB /* FirstViewDependencyContainer.swift */,
				73FB4E372941D879006896AB /* SecondViewDependencyContainer.swift */,
			);
			path = ViewController;
			sourceTree = "<group>";
		};
		73FB4E392941D96C006896AB /* Extension */ = {
			isa = PBXGroup;
			children = (
				73FB4E3A2941D97D006896AB /* ViewControllerExtension.swift */,
			);
			path = Extension;
			sourceTree = "<group>";
		};
/* End PBXGroup section */

/* Begin PBXNativeTarget section */
		73FB4DF62941CCBA006896AB /* NotiExample */ = {
			isa = PBXNativeTarget;
			buildConfigurationList = 73FB4E212941CCBB006896AB /* Build configuration list for PBXNativeTarget "NotiExample" */;
			buildPhases = (
				73FB4DF32941CCBA006896AB /* Sources */,
				73FB4DF42941CCBA006896AB /* Frameworks */,
				73FB4DF52941CCBA006896AB /* Resources */,
			);
			buildRules = (
			);
			dependencies = (
			);
			name = NotiExample;
			productName = NotiExample;
			productReference = 73FB4DF72941CCBA006896AB /* NotiExample.app */;
			productType = "com.apple.product-type.application";
		};
		73FB4E0C2941CCBB006896AB /* NotiExampleTests */ = {
			isa = PBXNativeTarget;
			buildConfigurationList = 73FB4E242941CCBB006896AB /* Build configuration list for PBXNativeTarget "NotiExampleTests" */;
			buildPhases = (
				73FB4E092941CCBB006896AB /* Sources */,
				73FB4E0A2941CCBB006896AB /* Frameworks */,
				73FB4E0B2941CCBB006896AB /* Resources */,
			);
			buildRules = (
			);
			dependencies = (
				73FB4E0F2941CCBB006896AB /* PBXTargetDependency */,
			);
			name = NotiExampleTests;
			productName = NotiExampleTests;
			productReference = 73FB4E0D2941CCBB006896AB /* NotiExampleTests.xctest */;
			productType = "com.apple.product-type.bundle.unit-test";
		};
		73FB4E162941CCBB006896AB /* NotiExampleUITests */ = {
			isa = PBXNativeTarget;
			buildConfigurationList = 73FB4E272941CCBB006896AB /* Build configuration list for PBXNativeTarget "NotiExampleUITests" */;
			buildPhases = (
				73FB4E132941CCBB006896AB /* Sources */,
				73FB4E142941CCBB006896AB /* Frameworks */,
				73FB4E152941CCBB006896AB /* Resources */,
			);
			buildRules = (
			);
			dependencies = (
				73FB4E192941CCBB006896AB /* PBXTargetDependency */,
			);
			name = NotiExampleUITests;
			productName = NotiExampleUITests;
			productReference = 73FB4E172941CCBB006896AB /* NotiExampleUITests.xctest */;
			productType = "com.apple.product-type.bundle.ui-testing";
		};
/* End PBXNativeTarget section */

/* Begin PBXProject section */
		73FB4DEF2941CCBA006896AB /* Project object */ = {
			isa = PBXProject;
			attributes = {
				BuildIndependentTargetsInParallel = 1;
				LastSwiftUpdateCheck = 1340;
				LastUpgradeCheck = 1340;
				TargetAttributes = {
					73FB4DF62941CCBA006896AB = {
						CreatedOnToolsVersion = 13.4;
					};
					73FB4E0C2941CCBB006896AB = {
						CreatedOnToolsVersion = 13.4;
						TestTargetID = 73FB4DF62941CCBA006896AB;
					};
					73FB4E162941CCBB006896AB = {
						CreatedOnToolsVersion = 13.4;
						TestTargetID = 73FB4DF62941CCBA006896AB;
					};
				};
			};
			buildConfigurationList = 73FB4DF22941CCBA006896AB /* Build configuration list for PBXProject "NotiExample" */;
			compatibilityVersion = "Xcode 13.0";
			developmentRegion = en;
			hasScannedForEncodings = 0;
			knownRegions = (
				en,
				Base,
			);
			mainGroup = 73FB4DEE2941CCBA006896AB;
			productRefGroup = 73FB4DF82941CCBA006896AB /* Products */;
			projectDirPath = "";
			projectRoot = "";
			targets = (
				73FB4DF62941CCBA006896AB /* NotiExample */,
				73FB4E0C2941CCBB006896AB /* NotiExampleTests */,
				73FB4E162941CCBB006896AB /* NotiExampleUITests */,
			);
		};
/* End PBXProject section */

/* Begin PBXResourcesBuildPhase section */
		73FB4DF52941CCBA006896AB /* Resources */ = {
			isa = PBXResourcesBuildPhase;
			buildActionMask = 2147483647;
			files = (
				73FB4E072941CCBB006896AB /* LaunchScreen.storyboard in Resources */,
				73FB4E042941CCBB006896AB /* Assets.xcassets in Resources */,
				73FB4E022941CCBA006896AB /* Main.storyboard in Resources */,
				73FB4E302941D11B006896AB /* FirstViewController.xib in Resources */,
				73FB4E342941D343006896AB /* SecondViewController.xib in Resources */,
			);
			runOnlyForDeploymentPostprocessing = 0;
		};
		73FB4E0B2941CCBB006896AB /* Resources */ = {
			isa = PBXResourcesBuildPhase;
			buildActionMask = 2147483647;
			files = (
			);
			runOnlyForDeploymentPostprocessing = 0;
		};
		73FB4E152941CCBB006896AB /* Resources */ = {
			isa = PBXResourcesBuildPhase;
			buildActionMask = 2147483647;
			files = (
			);
			runOnlyForDeploymentPostprocessing = 0;
		};
/* End PBXResourcesBuildPhase section */

/* Begin PBXSourcesBuildPhase section */
		73FB4DF32941CCBA006896AB /* Sources */ = {
			isa = PBXSourcesBuildPhase;
			buildActionMask = 2147483647;
			files = (
				73FB4DFB2941CCBA006896AB /* AppDelegate.swift in Sources */,
				73FB4DFD2941CCBA006896AB /* SceneDelegate.swift in Sources */,
				73FB4E2B2941CFB4006896AB /* NotiExampleDependencyContainer.swift in Sources */,
				73FB4E382941D879006896AB /* SecondViewDependencyContainer.swift in Sources */,
				73FB4E3B2941D97D006896AB /* ViewControllerExtension.swift in Sources */,
				73FB4E332941D343006896AB /* SecondViewController.swift in Sources */,
				73FB4E362941D620006896AB /* FirstViewDependencyContainer.swift in Sources */,
				73FB4E2F2941D11B006896AB /* FirstViewController.swift in Sources */,
			);
			runOnlyForDeploymentPostprocessing = 0;
		};
		73FB4E092941CCBB006896AB /* Sources */ = {
			isa = PBXSourcesBuildPhase;
			buildActionMask = 2147483647;
			files = (
				73FB4E122941CCBB006896AB /* NotiExampleTests.swift in Sources */,
			);
			runOnlyForDeploymentPostprocessing = 0;
		};
		73FB4E132941CCBB006896AB /* Sources */ = {
			isa = PBXSourcesBuildPhase;
			buildActionMask = 2147483647;
			files = (
				73FB4E1C2941CCBB006896AB /* NotiExampleUITests.swift in Sources */,
				73FB4E1E2941CCBB006896AB /* NotiExampleUITestsLaunchTests.swift in Sources */,
			);
			runOnlyForDeploymentPostprocessing = 0;
		};
/* End PBXSourcesBuildPhase section */

/* Begin PBXTargetDependency section */
		73FB4E0F2941CCBB006896AB /* PBXTargetDependency */ = {
			isa = PBXTargetDependency;
			target = 73FB4DF62941CCBA006896AB /* NotiExample */;
			targetProxy = 73FB4E0E2941CCBB006896AB /* PBXContainerItemProxy */;
		};
		73FB4E192941CCBB006896AB /* PBXTargetDependency */ = {
			isa = PBXTargetDependency;
			target = 73FB4DF62941CCBA006896AB /* NotiExample */;
			targetProxy = 73FB4E182941CCBB006896AB /* PBXContainerItemProxy */;
		};
/* End PBXTargetDependency section */

/* Begin PBXVariantGroup section */
		73FB4E002941CCBA006896AB /* Main.storyboard */ = {
			isa = PBXVariantGroup;
			children = (
				73FB4E012941CCBA006896AB /* Base */,
			);
			name = Main.storyboard;
			sourceTree = "<group>";
		};
		73FB4E052941CCBB006896AB /* LaunchScreen.storyboard */ = {
			isa = PBXVariantGroup;
			children = (
				73FB4E062941CCBB006896AB /* Base */,
			);
			name = LaunchScreen.storyboard;
			sourceTree = "<group>";
		};
/* End PBXVariantGroup section */

/* Begin XCBuildConfiguration section */
		73FB4E1F2941CCBB006896AB /* Debug */ = {
			isa = XCBuildConfiguration;
			buildSettings = {
				ALWAYS_SEARCH_USER_PATHS = NO;
				CLANG_ANALYZER_NONNULL = YES;
				CLANG_ANALYZER_NUMBER_OBJECT_CONVERSION = YES_AGGRESSIVE;
				CLANG_CXX_LANGUAGE_STANDARD = "gnu++17";
				CLANG_ENABLE_MODULES = YES;
				CLANG_ENABLE_OBJC_ARC = YES;
				CLANG_ENABLE_OBJC_WEAK = YES;
				CLANG_WARN_BLOCK_CAPTURE_AUTORELEASING = YES;
				CLANG_WARN_BOOL_CONVERSION = YES;
				CLANG_WARN_COMMA = YES;
				CLANG_WARN_CONSTANT_CONVERSION = YES;
				CLANG_WARN_DEPRECATED_OBJC_IMPLEMENTATIONS = YES;
				CLANG_WARN_DIRECT_OBJC_ISA_USAGE = YES_ERROR;
				CLANG_WARN_DOCUMENTATION_COMMENTS = YES;
				CLANG_WARN_EMPTY_BODY = YES;
				CLANG_WARN_ENUM_CONVERSION = YES;
				CLANG_WARN_INFINITE_RECURSION = YES;
				CLANG_WARN_INT_CONVERSION = YES;
				CLANG_WARN_NON_LITERAL_NULL_CONVERSION = YES;
				CLANG_WARN_OBJC_IMPLICIT_RETAIN_SELF = YES;
				CLANG_WARN_OBJC_LITERAL_CONVERSION = YES;
				CLANG_WARN_OBJC_ROOT_CLASS = YES_ERROR;
				CLANG_WARN_QUOTED_INCLUDE_IN_FRAMEWORK_HEADER = YES;
				CLANG_WARN_RANGE_LOOP_ANALYSIS = YES;
				CLANG_WARN_STRICT_PROTOTYPES = YES;
				CLANG_WARN_SUSPICIOUS_MOVE = YES;
				CLANG_WARN_UNGUARDED_AVAILABILITY = YES_AGGRESSIVE;
				CLANG_WARN_UNREACHABLE_CODE = YES;
				CLANG_WARN__DUPLICATE_METHOD_MATCH = YES;
				COPY_PHASE_STRIP = NO;
				DEBUG_INFORMATION_FORMAT = dwarf;
				ENABLE_STRICT_OBJC_MSGSEND = YES;
				ENABLE_TESTABILITY = YES;
				GCC_C_LANGUAGE_STANDARD = gnu11;
				GCC_DYNAMIC_NO_PIC = NO;
				GCC_NO_COMMON_BLOCKS = YES;
				GCC_OPTIMIZATION_LEVEL = 0;
				GCC_PREPROCESSOR_DEFINITIONS = (
					"DEBUG=1",
					"$(inherited)",
				);
				GCC_WARN_64_TO_32_BIT_CONVERSION = YES;
				GCC_WARN_ABOUT_RETURN_TYPE = YES_ERROR;
				GCC_WARN_UNDECLARED_SELECTOR = YES;
				GCC_WARN_UNINITIALIZED_AUTOS = YES_AGGRESSIVE;
				GCC_WARN_UNUSED_FUNCTION = YES;
				GCC_WARN_UNUSED_VARIABLE = YES;
				IPHONEOS_DEPLOYMENT_TARGET = 12.0;
				MTL_ENABLE_DEBUG_INFO = INCLUDE_SOURCE;
				MTL_FAST_MATH = YES;
				ONLY_ACTIVE_ARCH = YES;
				SDKROOT = iphoneos;
				SWIFT_ACTIVE_COMPILATION_CONDITIONS = DEBUG;
				SWIFT_OPTIMIZATION_LEVEL = "-Onone";
			};
			name = Debug;
		};
		73FB4E202941CCBB006896AB /* Release */ = {
			isa = XCBuildConfiguration;
			buildSettings = {
				ALWAYS_SEARCH_USER_PATHS = NO;
				CLANG_ANALYZER_NONNULL = YES;
				CLANG_ANALYZER_NUMBER_OBJECT_CONVERSION = YES_AGGRESSIVE;
				CLANG_CXX_LANGUAGE_STANDARD = "gnu++17";
				CLANG_ENABLE_MODULES = YES;
				CLANG_ENABLE_OBJC_ARC = YES;
				CLANG_ENABLE_OBJC_WEAK = YES;
				CLANG_WARN_BLOCK_CAPTURE_AUTORELEASING = YES;
				CLANG_WARN_BOOL_CONVERSION = YES;
				CLANG_WARN_COMMA = YES;
				CLANG_WARN_CONSTANT_CONVERSION = YES;
				CLANG_WARN_DEPRECATED_OBJC_IMPLEMENTATIONS = YES;
				CLANG_WARN_DIRECT_OBJC_ISA_USAGE = YES_ERROR;
				CLANG_WARN_DOCUMENTATION_COMMENTS = YES;
				CLANG_WARN_EMPTY_BODY = YES;
				CLANG_WARN_ENUM_CONVERSION = YES;
				CLANG_WARN_INFINITE_RECURSION = YES;
				CLANG_WARN_INT_CONVERSION = YES;
				CLANG_WARN_NON_LITERAL_NULL_CONVERSION = YES;
				CLANG_WARN_OBJC_IMPLICIT_RETAIN_SELF = YES;
				CLANG_WARN_OBJC_LITERAL_CONVERSION = YES;
				CLANG_WARN_OBJC_ROOT_CLASS = YES_ERROR;
				CLANG_WARN_QUOTED_INCLUDE_IN_FRAMEWORK_HEADER = YES;
				CLANG_WARN_RANGE_LOOP_ANALYSIS = YES;
				CLANG_WARN_STRICT_PROTOTYPES = YES;
				CLANG_WARN_SUSPICIOUS_MOVE = YES;
				CLANG_WARN_UNGUARDED_AVAILABILITY = YES_AGGRESSIVE;
				CLANG_WARN_UNREACHABLE_CODE = YES;
				CLANG_WARN__DUPLICATE_METHOD_MATCH = YES;
				COPY_PHASE_STRIP = NO;
				DEBUG_INFORMATION_FORMAT = "dwarf-with-dsym";
				ENABLE_NS_ASSERTIONS = NO;
				ENABLE_STRICT_OBJC_MSGSEND = YES;
				GCC_C_LANGUAGE_STANDARD = gnu11;
				GCC_NO_COMMON_BLOCKS = YES;
				GCC_WARN_64_TO_32_BIT_CONVERSION = YES;
				GCC_WARN_ABOUT_RETURN_TYPE = YES_ERROR;
				GCC_WARN_UNDECLARED_SELECTOR = YES;
				GCC_WARN_UNINITIALIZED_AUTOS = YES_AGGRESSIVE;
				GCC_WARN_UNUSED_FUNCTION = YES;
				GCC_WARN_UNUSED_VARIABLE = YES;
				IPHONEOS_DEPLOYMENT_TARGET = 12.0;
				MTL_ENABLE_DEBUG_INFO = NO;
				MTL_FAST_MATH = YES;
				SDKROOT = iphoneos;
				SWIFT_COMPILATION_MODE = wholemodule;
				SWIFT_OPTIMIZATION_LEVEL = "-O";
				VALIDATE_PRODUCT = YES;
			};
			name = Release;
		};
		73FB4E222941CCBB006896AB /* Debug */ = {
			isa = XCBuildConfiguration;
			buildSettings = {
				ASSETCATALOG_COMPILER_APPICON_NAME = AppIcon;
				ASSETCATALOG_COMPILER_GLOBAL_ACCENT_COLOR_NAME = AccentColor;
				CODE_SIGN_STYLE = Automatic;
				CURRENT_PROJECT_VERSION = 1;
				DEVELOPMENT_TEAM = 2D99AJ5KUG;
				GENERATE_INFOPLIST_FILE = YES;
				INFOPLIST_FILE = NotiExample/Info.plist;
				INFOPLIST_KEY_UIApplicationSupportsIndirectInputEvents = YES;
				INFOPLIST_KEY_UILaunchStoryboardName = LaunchScreen;
				INFOPLIST_KEY_UISupportedInterfaceOrientations_iPad = "UIInterfaceOrientationPortrait UIInterfaceOrientationPortraitUpsideDown UIInterfaceOrientationLandscapeLeft UIInterfaceOrientationLandscapeRight";
				INFOPLIST_KEY_UISupportedInterfaceOrientations_iPhone = "UIInterfaceOrientationPortrait UIInterfaceOrientationLandscapeLeft UIInterfaceOrientationLandscapeRight";
				LD_RUNPATH_SEARCH_PATHS = (
					"$(inherited)",
					"@executable_path/Frameworks",
				);
				MARKETING_VERSION = 1.0;
				PRODUCT_BUNDLE_IDENTIFIER = com.duongcn.NotiExample;
				PRODUCT_NAME = "$(TARGET_NAME)";
				SWIFT_EMIT_LOC_STRINGS = YES;
				SWIFT_VERSION = 5.0;
				TARGETED_DEVICE_FAMILY = "1,2";
			};
			name = Debug;
		};
		73FB4E232941CCBB006896AB /* Release */ = {
			isa = XCBuildConfiguration;
			buildSettings = {
				ASSETCATALOG_COMPILER_APPICON_NAME = AppIcon;
				ASSETCATALOG_COMPILER_GLOBAL_ACCENT_COLOR_NAME = AccentColor;
				CODE_SIGN_STYLE = Automatic;
				CURRENT_PROJECT_VERSION = 1;
				DEVELOPMENT_TEAM = 2D99AJ5KUG;
				GENERATE_INFOPLIST_FILE = YES;
				INFOPLIST_FILE = NotiExample/Info.plist;
				INFOPLIST_KEY_UIApplicationSupportsIndirectInputEvents = YES;
				INFOPLIST_KEY_UILaunchStoryboardName = LaunchScreen;
				INFOPLIST_KEY_UISupportedInterfaceOrientations_iPad = "UIInterfaceOrientationPortrait UIInterfaceOrientationPortraitUpsideDown UIInterfaceOrientationLandscapeLeft UIInterfaceOrientationLandscapeRight";
				INFOPLIST_KEY_UISupportedInterfaceOrientations_iPhone = "UIInterfaceOrientationPortrait UIInterfaceOrientationLandscapeLeft UIInterfaceOrientationLandscapeRight";
				LD_RUNPATH_SEARCH_PATHS = (
					"$(inherited)",
					"@executable_path/Frameworks",
				);
				MARKETING_VERSION = 1.0;
				PRODUCT_BUNDLE_IDENTIFIER = com.duongcn.NotiExample;
				PRODUCT_NAME = "$(TARGET_NAME)";
				SWIFT_EMIT_LOC_STRINGS = YES;
				SWIFT_VERSION = 5.0;
				TARGETED_DEVICE_FAMILY = "1,2";
			};
			name = Release;
		};
		73FB4E252941CCBB006896AB /* Debug */ = {
			isa = XCBuildConfiguration;
			buildSettings = {
				ALWAYS_EMBED_SWIFT_STANDARD_LIBRARIES = YES;
				BUNDLE_LOADER = "$(TEST_HOST)";
				CODE_SIGN_STYLE = Automatic;
				CURRENT_PROJECT_VERSION = 1;
				DEVELOPMENT_TEAM = 2D99AJ5KUG;
				GENERATE_INFOPLIST_FILE = YES;
				IPHONEOS_DEPLOYMENT_TARGET = 15.5;
				MARKETING_VERSION = 1.0;
				PRODUCT_BUNDLE_IDENTIFIER = com.duongcn.NotiExampleTests;
				PRODUCT_NAME = "$(TARGET_NAME)";
				SWIFT_EMIT_LOC_STRINGS = NO;
				SWIFT_VERSION = 5.0;
				TARGETED_DEVICE_FAMILY = "1,2";
				TEST_HOST = "$(BUILT_PRODUCTS_DIR)/NotiExample.app/NotiExample";
			};
			name = Debug;
		};
		73FB4E262941CCBB006896AB /* Release */ = {
			isa = XCBuildConfiguration;
			buildSettings = {
				ALWAYS_EMBED_SWIFT_STANDARD_LIBRARIES = YES;
				BUNDLE_LOADER = "$(TEST_HOST)";
				CODE_SIGN_STYLE = Automatic;
				CURRENT_PROJECT_VERSION = 1;
				DEVELOPMENT_TEAM = 2D99AJ5KUG;
				GENERATE_INFOPLIST_FILE = YES;
				IPHONEOS_DEPLOYMENT_TARGET = 15.5;
				MARKETING_VERSION = 1.0;
				PRODUCT_BUNDLE_IDENTIFIER = com.duongcn.NotiExampleTests;
				PRODUCT_NAME = "$(TARGET_NAME)";
				SWIFT_EMIT_LOC_STRINGS = NO;
				SWIFT_VERSION = 5.0;
				TARGETED_DEVICE_FAMILY = "1,2";
				TEST_HOST = "$(BUILT_PRODUCTS_DIR)/NotiExample.app/NotiExample";
			};
			name = Release;
		};
		73FB4E282941CCBB006896AB /* Debug */ = {
			isa = XCBuildConfiguration;
			buildSettings = {
				ALWAYS_EMBED_SWIFT_STANDARD_LIBRARIES = YES;
				CODE_SIGN_STYLE = Automatic;
				CURRENT_PROJECT_VERSION = 1;
				DEVELOPMENT_TEAM = 2D99AJ5KUG;
				GENERATE_INFOPLIST_FILE = YES;
				MARKETING_VERSION = 1.0;
				PRODUCT_BUNDLE_IDENTIFIER = com.duongcn.NotiExampleUITests;
				PRODUCT_NAME = "$(TARGET_NAME)";
				SWIFT_EMIT_LOC_STRINGS = NO;
				SWIFT_VERSION = 5.0;
				TARGETED_DEVICE_FAMILY = "1,2";
				TEST_TARGET_NAME = NotiExample;
			};
			name = Debug;
		};
		73FB4E292941CCBB006896AB /* Release */ = {
			isa = XCBuildConfiguration;
			buildSettings = {
				ALWAYS_EMBED_SWIFT_STANDARD_LIBRARIES = YES;
				CODE_SIGN_STYLE = Automatic;
				CURRENT_PROJECT_VERSION = 1;
				DEVELOPMENT_TEAM = 2D99AJ5KUG;
				GENERATE_INFOPLIST_FILE = YES;
				MARKETING_VERSION = 1.0;
				PRODUCT_BUNDLE_IDENTIFIER = com.duongcn.NotiExampleUITests;
				PRODUCT_NAME = "$(TARGET_NAME)";
				SWIFT_EMIT_LOC_STRINGS = NO;
				SWIFT_VERSION = 5.0;
				TARGETED_DEVICE_FAMILY = "1,2";
				TEST_TARGET_NAME = NotiExample;
			};
			name = Release;
		};
/* End XCBuildConfiguration section */

/* Begin XCConfigurationList section */
		73FB4DF22941CCBA006896AB /* Build configuration list for PBXProject "NotiExample" */ = {
			isa = XCConfigurationList;
			buildConfigurations = (
				73FB4E1F2941CCBB006896AB /* Debug */,
				73FB4E202941CCBB006896AB /* Release */,
			);
			defaultConfigurationIsVisible = 0;
			defaultConfigurationName = Release;
		};
		73FB4E212941CCBB006896AB /* Build configuration list for PBXNativeTarget "NotiExample" */ = {
			isa = XCConfigurationList;
			buildConfigurations = (
				73FB4E222941CCBB006896AB /* Debug */,
				73FB4E232941CCBB006896AB /* Release */,
			);
			defaultConfigurationIsVisible = 0;
			defaultConfigurationName = Release;
		};
		73FB4E242941CCBB006896AB /* Build configuration list for PBXNativeTarget "NotiExampleTests" */ = {
			isa = XCConfigurationList;
			buildConfigurations = (
				73FB4E252941CCBB006896AB /* Debug */,
				73FB4E262941CCBB006896AB /* Release */,
			);
			defaultConfigurationIsVisible = 0;
			defaultConfigurationName = Release;
		};
		73FB4E272941CCBB006896AB /* Build configuration list for PBXNativeTarget "NotiExampleUITests" */ = {
			isa = XCConfigurationList;
			buildConfigurations = (
				73FB4E282941CCBB006896AB /* Debug */,
				73FB4E292941CCBB006896AB /* Release */,
			);
			defaultConfigurationIsVisible = 0;
			defaultConfigurationName = Release;
		};
/* End XCConfigurationList section */
	};
	rootObject = 73FB4DEF2941CCBA006896AB /* Project object */;
}
